
Microsoft Visual Studio Solution File, Format Version 12.00
# Visual Studio 15
VisualStudioVersion = 15.0.27130.2010
MinimumVisualStudioVersion = 10.0.40219.1
Project("{FAE04EC0-301F-11D3-BF4B-00C04F79EFBC}") = "Algorithms", "Algorithms\Algorithms.csproj", "{3FDEB7E3-305B-4C74-BB80-9656AC2DB198}"
EndProject
Project("{2150E333-8FDC-42A3-9474-1A3956D46DE8}") = "Solution Items", "Solution Items", "{89232FF7-037B-4E0C-AB01-EC277D90A416}"
EndProject
Project("{FAE04EC0-301F-11D3-BF4B-00C04F79EFBC}") = "Sorting", "Sorting\Sorting.csproj", "{73BC608C-A135-432D-9CC6-E8BBB886031D}"
EndProject
Global
	GlobalSection(SolutionConfigurationPlatforms) = preSolution
		Debug|Any CPU = Debug|Any CPU
		Release|Any CPU = Release|Any CPU
	EndGlobalSection
	GlobalSection(ProjectConfigurationPlatforms) = postSolution
		{3FDEB7E3-305B-4C74-BB80-9656AC2DB198}.Debug|Any CPU.ActiveCfg = Debug|Any CPU
		{3FDEB7E3-305B-4C74-BB80-9656AC2DB198}.Debug|Any CPU.Build.0 = Debug|Any CPU
		{3FDEB7E3-305B-4C74-BB80-9656AC2DB198}.Release|Any CPU.ActiveCfg = Release|Any CPU
		{3FDEB7E3-305B-4C74-BB80-9656AC2DB198}.Release|Any CPU.Build.0 = Release|Any CPU
		{73BC608C-A135-432D-9CC6-E8BBB886031D}.Debug|Any CPU.ActiveCfg = Debug|Any CPU
		{73BC608C-A135-432D-9CC6-E8BBB886031D}.Debug|Any CPU.Build.0 = Debug|Any CPU
		{73BC608C-A135-432D-9CC6-E8BBB886031D}.Release|Any CPU.ActiveCfg = Release|Any CPU
		{73BC608C-A135-432D-9CC6-E8BBB886031D}.Release|Any CPU.Build.0 = Release|Any CPU
	EndGlobalSection
	GlobalSection(SolutionProperties) = preSolution
		HideSolutionNode = FALSE
	EndGlobalSection
	GlobalSection(ExtensibilityGlobals) = postSolution
		SolutionGuid = {A1930211-D173-4388-962A-70BC0DF8A970}
	EndGlobalSection
EndGlobal
